// !$*UTF8*$!
{
	archiveVersion = 1;
	classes = {
	};
	objectVersion = 55;
	objects = {

/* Begin PBXBuildFile section */
		B8698BBC2A1E677C00EA9DFE /* AppDelegate.swift in Sources */ = {isa = PBXBuildFile; fileRef = B8698BBB2A1E677C00EA9DFE /* AppDelegate.swift */; };
		B8698BBE2A1E677C00EA9DFE /* SceneDelegate.swift in Sources */ = {isa = PBXBuildFile; fileRef = B8698BBD2A1E677C00EA9DFE /* SceneDelegate.swift */; };
		B8698BC02A1E677C00EA9DFE /* ViewController.swift in Sources */ = {isa = PBXBuildFile; fileRef = B8698BBF2A1E677C00EA9DFE /* ViewController.swift */; };
		B8698BC32A1E677C00EA9DFE /* Main.storyboard in Resources */ = {isa = PBXBuildFile; fileRef = B8698BC12A1E677C00EA9DFE /* Main.storyboard */; };
		B8698BC62A1E677C00EA9DFE /* FloresSoundBoard.xcdatamodeld in Sources */ = {isa = PBXBuildFile; fileRef = B8698BC42A1E677C00EA9DFE /* FloresSoundBoard.xcdatamodeld */; };
		B8698BC82A1E677F00EA9DFE /* Assets.xcassets in Resources */ = {isa = PBXBuildFile; fileRef = B8698BC72A1E677F00EA9DFE /* Assets.xcassets */; };
		B8698BCB2A1E677F00EA9DFE /* LaunchScreen.storyboard in Resources */ = {isa = PBXBuildFile; fileRef = B8698BC92A1E677F00EA9DFE /* LaunchScreen.storyboard */; };
/* End PBXBuildFile section */

/* Begin PBXFileReference section */
		B8698BB82A1E677C00EA9DFE /* FloresSoundBoard.app */ = {isa = PBXFileReference; explicitFileType = wrapper.application; includeInIndex = 0; path = FloresSoundBoard.app; sourceTree = BUILT_PRODUCTS_DIR; };
		B8698BBB2A1E677C00EA9DFE /* AppDelegate.swift */ = {isa = PBXFileReference; lastKnownFileType = sourcecode.swift; path = AppDelegate.swift; sourceTree = "<group>"; };
		B8698BBD2A1E677C00EA9DFE /* SceneDelegate.swift */ = {isa = PBXFileReference; lastKnownFileType = sourcecode.swift; path = SceneDelegate.swift; sourceTree = "<group>"; };
		B8698BBF2A1E677C00EA9DFE /* ViewController.swift */ = {isa = PBXFileReference; lastKnownFileType = sourcecode.swift; path = ViewController.swift; sourceTree = "<group>"; };
		B8698BC22A1E677C00EA9DFE /* Base */ = {isa = PBXFileReference; lastKnownFileType = file.storyboard; name = Base; path = Base.lproj/Main.storyboard; sourceTree = "<group>"; };
		B8698BC52A1E677C00EA9DFE /* FloresSoundBoard.xcdatamodel */ = {isa = PBXFileReference; lastKnownFileType = wrapper.xcdatamodel; path = FloresSoundBoard.xcdatamodel; sourceTree = "<group>"; };
		B8698BC72A1E677F00EA9DFE /* Assets.xcassets */ = {isa = PBXFileReference; lastKnownFileType = folder.assetcatalog; path = Assets.xcassets; sourceTree = "<group>"; };
		B8698BCA2A1E677F00EA9DFE /* Base */ = {isa = PBXFileReference; lastKnownFileType = file.storyboard; name = Base; path = Base.lproj/LaunchScreen.storyboard; sourceTree = "<group>"; };
		B8698BCC2A1E677F00EA9DFE /* Info.plist */ = {isa = PBXFileReference; lastKnownFileType = text.plist.xml; path = Info.plist; sourceTree = "<group>"; };
/* End PBXFileReference section */

/* Begin PBXFrameworksBuildPhase section */
		B8698BB52A1E677C00EA9DFE /* Frameworks */ = {
			isa = PBXFrameworksBuildPhase;
			buildActionMask = 2147483647;
			files = (
			);
			runOnlyForDeploymentPostprocessing = 0;
		};
/* End PBXFrameworksBuildPhase section */

/* Begin PBXGroup section */
		B8698BAF2A1E677C00EA9DFE = {
			isa = PBXGroup;
			children = (
				B8698BBA2A1E677C00EA9DFE /* FloresSoundBoard */,
				B8698BB92A1E677C00EA9DFE /* Products */,
			);
			sourceTree = "<group>";
		};
		B8698BB92A1E677C00EA9DFE /* Products */ = {
			isa = PBXGroup;
			children = (
				B8698BB82A1E677C00EA9DFE /* FloresSoundBoard.app */,
			);
			name = Products;
			sourceTree = "<group>";
		};
		B8698BBA2A1E677C00EA9DFE /* FloresSoundBoard */ = {
			isa = PBXGroup;
			children = (
				B8698BBB2A1E677C00EA9DFE /* AppDelegate.swift */,
				B8698BBD2A1E677C00EA9DFE /* SceneDelegate.swift */,
				B8698BBF2A1E677C00EA9DFE /* ViewController.swift */,
				B8698BC12A1E677C00EA9DFE /* Main.storyboard */,
				B8698BC72A1E677F00EA9DFE /* Assets.xcassets */,
				B8698BC92A1E677F00EA9DFE /* LaunchScreen.storyboard */,
				B8698BCC2A1E677F00EA9DFE /* Info.plist */,
				B8698BC42A1E677C00EA9DFE /* FloresSoundBoard.xcdatamodeld */,
			);
			path = FloresSoundBoard;
			sourceTree = "<group>";
		};
/* End PBXGroup section */

/* Begin PBXNativeTarget section */
		B8698BB72A1E677C00EA9DFE /* FloresSoundBoard */ = {
			isa = PBXNativeTarget;
			buildConfigurationList = B8698BCF2A1E677F00EA9DFE /* Build configuration list for PBXNativeTarget "FloresSoundBoard" */;
			buildPhases = (
				B8698BB42A1E677C00EA9DFE /* Sources */,
				B8698BB52A1E677C00EA9DFE /* Frameworks */,
				B8698BB62A1E677C00EA9DFE /* Resources */,
			);
			buildRules = (
			);
			dependencies = (
			);
			name = FloresSoundBoard;
			productName = FloresSoundBoard;
			productReference = B8698BB82A1E677C00EA9DFE /* FloresSoundBoard.app */;
			productType = "com.apple.product-type.application";
		};
/* End PBXNativeTarget section */

/* Begin PBXProject section */
		B8698BB02A1E677C00EA9DFE /* Project object */ = {
			isa = PBXProject;
			attributes = {
				BuildIndependentTargetsInParallel = 1;
				LastSwiftUpdateCheck = 1340;
				LastUpgradeCheck = 1340;
				TargetAttributes = {
					B8698BB72A1E677C00EA9DFE = {
						CreatedOnToolsVersion = 13.4.1;
					};
				};
			};
			buildConfigurationList = B8698BB32A1E677C00EA9DFE /* Build configuration list for PBXProject "FloresSoundBoard" */;
			compatibilityVersion = "Xcode 13.0";
			developmentRegion = en;
			hasScannedForEncodings = 0;
			knownRegions = (
				en,
				Base,
			);
			mainGroup = B8698BAF2A1E677C00EA9DFE;
			productRefGroup = B8698BB92A1E677C00EA9DFE /* Products */;
			projectDirPath = "";
			projectRoot = "";
			targets = (
				B8698BB72A1E677C00EA9DFE /* FloresSoundBoard */,
			);
		};
/* End PBXProject section */

/* Begin PBXResourcesBuildPhase section */
		B8698BB62A1E677C00EA9DFE /* Resources */ = {
			isa = PBXResourcesBuildPhase;
			buildActionMask = 2147483647;
			files = (
				B8698BCB2A1E677F00EA9DFE /* LaunchScreen.storyboard in Resources */,
				B8698BC82A1E677F00EA9DFE /* Assets.xcassets in Resources */,
				B8698BC32A1E677C00EA9DFE /* Main.storyboard in Resources */,
			);
			runOnlyForDeploymentPostprocessing = 0;
		};
/* End PBXResourcesBuildPhase section */

/* Begin PBXSourcesBuildPhase section */
		B8698BB42A1E677C00EA9DFE /* Sources */ = {
			isa = PBXSourcesBuildPhase;
			buildActionMask = 2147483647;
			files = (
				B8698BC02A1E677C00EA9DFE /* ViewController.swift in Sources */,
				B8698BC62A1E677C00EA9DFE /* FloresSoundBoard.xcdatamodeld in Sources */,
				B8698BBC2A1E677C00EA9DFE /* AppDelegate.swift in Sources */,
				B8698BBE2A1E677C00EA9DFE /* SceneDelegate.swift in Sources */,
			);
			runOnlyForDeploymentPostprocessing = 0;
		};
/* End PBXSourcesBuildPhase section */

/* Begin PBXVariantGroup section */
		B8698BC12A1E677C00EA9DFE /* Main.storyboard */ = {
			isa = PBXVariantGroup;
			children = (
				B8698BC22A1E677C00EA9DFE /* Base */,
			);
			name = Main.storyboard;
			sourceTree = "<group>";
		};
		B8698BC92A1E677F00EA9DFE /* LaunchScreen.storyboard */ = {
			isa = PBXVariantGroup;
			children = (
				B8698BCA2A1E677F00EA9DFE /* Base */,
			);
			name = LaunchScreen.storyboard;
			sourceTree = "<group>";
		};
/* End PBXVariantGroup section */

/* Begin XCBuildConfiguration section */
		B8698BCD2A1E677F00EA9DFE /* Debug */ = {
			isa = XCBuildConfiguration;
			buildSettings = {
				ALWAYS_SEARCH_USER_PATHS = NO;
				CLANG_ANALYZER_NONNULL = YES;
				CLANG_ANALYZER_NUMBER_OBJECT_CONVERSION = YES_AGGRESSIVE;
				CLANG_CXX_LANGUAGE_STANDARD = "gnu++17";
				CLANG_ENABLE_MODULES = YES;
				CLANG_ENABLE_OBJC_ARC = YES;
				CLANG_ENABLE_OBJC_WEAK = YES;
				CLANG_WARN_BLOCK_CAPTURE_AUTORELEASING = YES;
				CLANG_WARN_BOOL_CONVERSION = YES;
				CLANG_WARN_COMMA = YES;
				CLANG_WARN_CONSTANT_CONVERSION = YES;
				CLANG_WARN_DEPRECATED_OBJC_IMPLEMENTATIONS = YES;
				CLANG_WARN_DIRECT_OBJC_ISA_USAGE = YES_ERROR;
				CLANG_WARN_DOCUMENTATION_COMMENTS = YES;
				CLANG_WARN_EMPTY_BODY = YES;
				CLANG_WARN_ENUM_CONVERSION = YES;
				CLANG_WARN_INFINITE_RECURSION = YES;
				CLANG_WARN_INT_CONVERSION = YES;
				CLANG_WARN_NON_LITERAL_NULL_CONVERSION = YES;
				CLANG_WARN_OBJC_IMPLICIT_RETAIN_SELF = YES;
				CLANG_WARN_OBJC_LITERAL_CONVERSION = YES;
				CLANG_WARN_OBJC_ROOT_CLASS = YES_ERROR;
				CLANG_WARN_QUOTED_INCLUDE_IN_FRAMEWORK_HEADER = YES;
				CLANG_WARN_RANGE_LOOP_ANALYSIS = YES;
				CLANG_WARN_STRICT_PROTOTYPES = YES;
				CLANG_WARN_SUSPICIOUS_MOVE = YES;
				CLANG_WARN_UNGUARDED_AVAILABILITY = YES_AGGRESSIVE;
				CLANG_WARN_UNREACHABLE_CODE = YES;
				CLANG_WARN__DUPLICATE_METHOD_MATCH = YES;
				COPY_PHASE_STRIP = NO;
				DEBUG_INFORMATION_FORMAT = dwarf;
				ENABLE_STRICT_OBJC_MSGSEND = YES;
				ENABLE_TESTABILITY = YES;
				GCC_C_LANGUAGE_STANDARD = gnu11;
				GCC_DYNAMIC_NO_PIC = NO;
				GCC_NO_COMMON_BLOCKS = YES;
				GCC_OPTIMIZATION_LEVEL = 0;
				GCC_PREPROCESSOR_DEFINITIONS = (
					"DEBUG=1",
					"$(inherited)",
				);
				GCC_WARN_64_TO_32_BIT_CONVERSION = YES;
				GCC_WARN_ABOUT_RETURN_TYPE = YES_ERROR;
				GCC_WARN_UNDECLARED_SELECTOR = YES;
				GCC_WARN_UNINITIALIZED_AUTOS = YES_AGGRESSIVE;
				GCC_WARN_UNUSED_FUNCTION = YES;
				GCC_WARN_UNUSED_VARIABLE = YES;
				IPHONEOS_DEPLOYMENT_TARGET = 15.5;
				MTL_ENABLE_DEBUG_INFO = INCLUDE_SOURCE;
				MTL_FAST_MATH = YES;
				ONLY_ACTIVE_ARCH = YES;
				SDKROOT = iphoneos;
				SWIFT_ACTIVE_COMPILATION_CONDITIONS = DEBUG;
				SWIFT_OPTIMIZATION_LEVEL = "-Onone";
			};
			name = Debug;
		};
		B8698BCE2A1E677F00EA9DFE /* Release */ = {
			isa = XCBuildConfiguration;
			buildSettings = {
				ALWAYS_SEARCH_USER_PATHS = NO;
				CLANG_ANALYZER_NONNULL = YES;
				CLANG_ANALYZER_NUMBER_OBJECT_CONVERSION = YES_AGGRESSIVE;
				CLANG_CXX_LANGUAGE_STANDARD = "gnu++17";
				CLANG_ENABLE_MODULES = YES;
				CLANG_ENABLE_OBJC_ARC = YES;
				CLANG_ENABLE_OBJC_WEAK = YES;
				CLANG_WARN_BLOCK_CAPTURE_AUTORELEASING = YES;
				CLANG_WARN_BOOL_CONVERSION = YES;
				CLANG_WARN_COMMA = YES;
				CLANG_WARN_CONSTANT_CONVERSION = YES;
				CLANG_WARN_DEPRECATED_OBJC_IMPLEMENTATIONS = YES;
				CLANG_WARN_DIRECT_OBJC_ISA_USAGE = YES_ERROR;
				CLANG_WARN_DOCUMENTATION_COMMENTS = YES;
				CLANG_WARN_EMPTY_BODY = YES;
				CLANG_WARN_ENUM_CONVERSION = YES;
				CLANG_WARN_INFINITE_RECURSION = YES;
				CLANG_WARN_INT_CONVERSION = YES;
				CLANG_WARN_NON_LITERAL_NULL_CONVERSION = YES;
				CLANG_WARN_OBJC_IMPLICIT_RETAIN_SELF = YES;
				CLANG_WARN_OBJC_LITERAL_CONVERSION = YES;
				CLANG_WARN_OBJC_ROOT_CLASS = YES_ERROR;
				CLANG_WARN_QUOTED_INCLUDE_IN_FRAMEWORK_HEADER = YES;
				CLANG_WARN_RANGE_LOOP_ANALYSIS = YES;
				CLANG_WARN_STRICT_PROTOTYPES = YES;
				CLANG_WARN_SUSPICIOUS_MOVE = YES;
				CLANG_WARN_UNGUARDED_AVAILABILITY = YES_AGGRESSIVE;
				CLANG_WARN_UNREACHABLE_CODE = YES;
				CLANG_WARN__DUPLICATE_METHOD_MATCH = YES;
				COPY_PHASE_STRIP = NO;
				DEBUG_INFORMATION_FORMAT = "dwarf-with-dsym";
				ENABLE_NS_ASSERTIONS = NO;
				ENABLE_STRICT_OBJC_MSGSEND = YES;
				GCC_C_LANGUAGE_STANDARD = gnu11;
				GCC_NO_COMMON_BLOCKS = YES;
				GCC_WARN_64_TO_32_BIT_CONVERSION = YES;
				GCC_WARN_ABOUT_RETURN_TYPE = YES_ERROR;
				GCC_WARN_UNDECLARED_SELECTOR = YES;
				GCC_WARN_UNINITIALIZED_AUTOS = YES_AGGRESSIVE;
				GCC_WARN_UNUSED_FUNCTION = YES;
				GCC_WARN_UNUSED_VARIABLE = YES;
				IPHONEOS_DEPLOYMENT_TARGET = 15.5;
				MTL_ENABLE_DEBUG_INFO = NO;
				MTL_FAST_MATH = YES;
				SDKROOT = iphoneos;
				SWIFT_COMPILATION_MODE = wholemodule;
				SWIFT_OPTIMIZATION_LEVEL = "-O";
				VALIDATE_PRODUCT = YES;
			};
			name = Release;
		};
		B8698BD02A1E677F00EA9DFE /* Debug */ = {
			isa = XCBuildConfiguration;
			buildSettings = {
				ASSETCATALOG_COMPILER_APPICON_NAME = AppIcon;
				ASSETCATALOG_COMPILER_GLOBAL_ACCENT_COLOR_NAME = AccentColor;
				CODE_SIGN_STYLE = Automatic;
				CURRENT_PROJECT_VERSION = 1;
				GENERATE_INFOPLIST_FILE = YES;
				INFOPLIST_FILE = FloresSoundBoard/Info.plist;
				INFOPLIST_KEY_UIApplicationSupportsIndirectInputEvents = YES;
				INFOPLIST_KEY_UILaunchStoryboardName = LaunchScreen;
				INFOPLIST_KEY_UIMainStoryboardFile = Main;
				INFOPLIST_KEY_UISupportedInterfaceOrientations_iPad = "UIInterfaceOrientationPortrait UIInterfaceOrientationPortraitUpsideDown UIInterfaceOrientationLandscapeLeft UIInterfaceOrientationLandscapeRight";
				INFOPLIST_KEY_UISupportedInterfaceOrientations_iPhone = "UIInterfaceOrientationPortrait UIInterfaceOrientationLandscapeLeft UIInterfaceOrientationLandscapeRight";
				LD_RUNPATH_SEARCH_PATHS = (
					"$(inherited)",
					"@executable_path/Frameworks",
				);
				MARKETING_VERSION = 1.0;
				PRODUCT_BUNDLE_IDENTIFIER = deah.com.FloresSoundBoard;
				PRODUCT_NAME = "$(TARGET_NAME)";
				SWIFT_EMIT_LOC_STRINGS = YES;
				SWIFT_VERSION = 5.0;
				TARGETED_DEVICE_FAMILY = "1,2";
			};
			name = Debug;
		};
		B8698BD12A1E677F00EA9DFE /* Release */ = {
			isa = XCBuildConfiguration;
			buildSettings = {
				ASSETCATALOG_COMPILER_APPICON_NAME = AppIcon;
				ASSETCATALOG_COMPILER_GLOBAL_ACCENT_COLOR_NAME = AccentColor;
				CODE_SIGN_STYLE = Automatic;
				CURRENT_PROJECT_VERSION = 1;
				GENERATE_INFOPLIST_FILE = YES;
				INFOPLIST_FILE = FloresSoundBoard/Info.plist;
				INFOPLIST_KEY_UIApplicationSupportsIndirectInputEvents = YES;
				INFOPLIST_KEY_UILaunchStoryboardName = LaunchScreen;
				INFOPLIST_KEY_UIMainStoryboardFile = Main;
				INFOPLIST_KEY_UISupportedInterfaceOrientations_iPad = "UIInterfaceOrientationPortrait UIInterfaceOrientationPortraitUpsideDown UIInterfaceOrientationLandscapeLeft UIInterfaceOrientationLandscapeRight";
				INFOPLIST_KEY_UISupportedInterfaceOrientations_iPhone = "UIInterfaceOrientationPortrait UIInterfaceOrientationLandscapeLeft UIInterfaceOrientationLandscapeRight";
				LD_RUNPATH_SEARCH_PATHS = (
					"$(inherited)",
					"@executable_path/Frameworks",
				);
				MARKETING_VERSION = 1.0;
				PRODUCT_BUNDLE_IDENTIFIER = deah.com.FloresSoundBoard;
				PRODUCT_NAME = "$(TARGET_NAME)";
				SWIFT_EMIT_LOC_STRINGS = YES;
				SWIFT_VERSION = 5.0;
				TARGETED_DEVICE_FAMILY = "1,2";
			};
			name = Release;
		};
/* End XCBuildConfiguration section */

/* Begin XCConfigurationList section */
		B8698BB32A1E677C00EA9DFE /* Build configuration list for PBXProject "FloresSoundBoard" */ = {
			isa = XCConfigurationList;
			buildConfigurations = (
				B8698BCD2A1E677F00EA9DFE /* Debug */,
				B8698BCE2A1E677F00EA9DFE /* Release */,
			);
			defaultConfigurationIsVisible = 0;
			defaultConfigurationName = Release;
		};
		B8698BCF2A1E677F00EA9DFE /* Build configuration list for PBXNativeTarget "FloresSoundBoard" */ = {
			isa = XCConfigurationList;
			buildConfigurations = (
				B8698BD02A1E677F00EA9DFE /* Debug */,
				B8698BD12A1E677F00EA9DFE /* Release */,
			);
			defaultConfigurationIsVisible = 0;
			defaultConfigurationName = Release;
		};
/* End XCConfigurationList section */

/* Begin XCVersionGroup section */
		B8698BC42A1E677C00EA9DFE /* FloresSoundBoard.xcdatamodeld */ = {
			isa = XCVersionGroup;
			children = (
				B8698BC52A1E677C00EA9DFE /* FloresSoundBoard.xcdatamodel */,
			);
			currentVersion = B8698BC52A1E677C00EA9DFE /* FloresSoundBoard.xcdatamodel */;
			path = FloresSoundBoard.xcdatamodeld;
			sourceTree = "<group>";
			versionGroupType = wrapper.xcdatamodel;
		};
/* End XCVersionGroup section */
	};
	rootObject = B8698BB02A1E677C00EA9DFE /* Project object */;
}
